
Microsoft Visual Studio Solution File, Format Version 12.00
# Visual Studio Version 16
VisualStudioVersion = 16.0.30804.86
MinimumVisualStudioVersion = 10.0.40219.1
Project("{FAE04EC0-301F-11D3-BF4B-00C04F79EFBC}") = "OOP1", "OOP1\OOP1.csproj", "{A1153308-AE85-4623-A9FE-DE519B92333F}"
EndProject
Project("{FAE04EC0-301F-11D3-BF4B-00C04F79EFBC}") = "Koleksiyonlar", "Koleksiyonlar\Koleksiyonlar.csproj", "{272735CC-A9F8-417A-8DC3-C6BF222BFAD5}"
EndProject
Project("{FAE04EC0-301F-11D3-BF4B-00C04F79EFBC}") = "GenericsIntro", "GenericsIntro\GenericsIntro.csproj", "{C7C53684-86A6-42F9-9417-F09490EE0220}"
EndProject
Global
	GlobalSection(SolutionConfigurationPlatforms) = preSolution
		Debug|Any CPU = Debug|Any CPU
		Release|Any CPU = Release|Any CPU
	EndGlobalSection
	GlobalSection(ProjectConfigurationPlatforms) = postSolution
		{A1153308-AE85-4623-A9FE-DE519B92333F}.Debug|Any CPU.ActiveCfg = Debug|Any CPU
		{A1153308-AE85-4623-A9FE-DE519B92333F}.Debug|Any CPU.Build.0 = Debug|Any CPU
		{A1153308-AE85-4623-A9FE-DE519B92333F}.Release|Any CPU.ActiveCfg = Release|Any CPU
		{A1153308-AE85-4623-A9FE-DE519B92333F}.Release|Any CPU.Build.0 = Release|Any CPU
		{272735CC-A9F8-417A-8DC3-C6BF222BFAD5}.Debug|Any CPU.ActiveCfg = Debug|Any CPU
		{272735CC-A9F8-417A-8DC3-C6BF222BFAD5}.Debug|Any CPU.Build.0 = Debug|Any CPU
		{272735CC-A9F8-417A-8DC3-C6BF222BFAD5}.Release|Any CPU.ActiveCfg = Release|Any CPU
		{272735CC-A9F8-417A-8DC3-C6BF222BFAD5}.Release|Any CPU.Build.0 = Release|Any CPU
		{C7C53684-86A6-42F9-9417-F09490EE0220}.Debug|Any CPU.ActiveCfg = Debug|Any CPU
		{C7C53684-86A6-42F9-9417-F09490EE0220}.Debug|Any CPU.Build.0 = Debug|Any CPU
		{C7C53684-86A6-42F9-9417-F09490EE0220}.Release|Any CPU.ActiveCfg = Release|Any CPU
		{C7C53684-86A6-42F9-9417-F09490EE0220}.Release|Any CPU.Build.0 = Release|Any CPU
	EndGlobalSection
	GlobalSection(SolutionProperties) = preSolution
		HideSolutionNode = FALSE
	EndGlobalSection
	GlobalSection(ExtensibilityGlobals) = postSolution
		SolutionGuid = {97DDA36C-E9F0-40BD-9CDA-062351B5BACC}
	EndGlobalSection
EndGlobal
